
Microsoft Visual Studio Solution File, Format Version 12.00
# Visual Studio Version 17
VisualStudioVersion = 17.2.32630.192
MinimumVisualStudioVersion = 10.0.40219.1
Project("{FAE04EC0-301F-11D3-BF4B-00C04F79EFBC}") = "SanMarIntegration", "SanMarIntegration\SanMarIntegration.csproj", "{3843F8E0-A732-49E9-B576-59E6044028DE}"
EndProject
Project("{FAE04EC0-301F-11D3-BF4B-00C04F79EFBC}") = "BlueGenerationsIntegration", "BlueGenerationsIntegration\BlueGenerationsIntegration.csproj", "{28CCEFFB-6665-408A-A5A7-27AFB56EF7E0}"
EndProject
Project("{FAE04EC0-301F-11D3-BF4B-00C04F79EFBC}") = "ISBase", "ISBase\ISBase\ISBase.csproj", "{B86A947C-71DF-4632-A3C1-A62FE8EE7429}"
EndProject
Project("{FAE04EC0-301F-11D3-BF4B-00C04F79EFBC}") = "ScheduledTask", "ScheduledTask\ScheduledTask.csproj", "{B183DDC5-7F9A-4147-A692-C3EC8A71909D}"
EndProject
Project("{FAE04EC0-301F-11D3-BF4B-00C04F79EFBC}") = "CLRFramework", "CLRFramework-VS2012\CLRFramework\CLRFramework.csproj", "{F346AB79-0F56-4670-AA1F-FA4AC08E65FF}"
EndProject
Project("{FAE04EC0-301F-11D3-BF4B-00C04F79EFBC}") = "NetSuiteLibrary", "NetSuiteLibrary\NetSuiteLibrary.csproj", "{31C5A4F4-CD2F-4638-ADF1-9318CD2E6B44}"
EndProject
Project("{FAE04EC0-301F-11D3-BF4B-00C04F79EFBC}") = "ImageSolutions", "ImageSolutions\ImageSolutions.csproj", "{B404B9C4-285C-46DD-B189-AE2DE7A6773F}"
EndProject
Project("{FAE04EC0-301F-11D3-BF4B-00C04F79EFBC}") = "ScheduledTaskProcess", "ScheduledTaskProcess\ScheduledTaskProcess.csproj", "{79FB2B99-C03F-44B7-BA41-2A7A70E76B2E}"
EndProject
Project("{FAE04EC0-301F-11D3-BF4B-00C04F79EFBC}") = "ActiveWearIntegration", "ActiveWearIntegration\ActiveWearIntegration.csproj", "{1C66313A-800D-46B2-BCCB-602BBE378795}"
EndProject
Project("{FAE04EC0-301F-11D3-BF4B-00C04F79EFBC}") = "ImageSolutionsWebsite", "ImageSolutionsWebsite\ImageSolutionsWebsite.csproj", "{40E33E85-2B22-477D-AA7B-AC47B8F22202}"
EndProject
Project("{FAE04EC0-301F-11D3-BF4B-00C04F79EFBC}") = "ImageSolutions.API", "ImageSolutions.API\ImageSolutions.API.csproj", "{5455A9A6-BD76-44FF-BD98-1496AB4B5B16}"
EndProject
Project("{FAE04EC0-301F-11D3-BF4B-00C04F79EFBC}") = "EmailMarketing", "EmailMarketing\EmailMarketing.csproj", "{47559107-FDCF-4A3E-BBBD-504ABD62D5F8}"
EndProject
Global
	GlobalSection(SolutionConfigurationPlatforms) = preSolution
		Debug|Any CPU = Debug|Any CPU
		Release|Any CPU = Release|Any CPU
	EndGlobalSection
	GlobalSection(ProjectConfigurationPlatforms) = postSolution
		{3843F8E0-A732-49E9-B576-59E6044028DE}.Debug|Any CPU.ActiveCfg = Debug|Any CPU
		{3843F8E0-A732-49E9-B576-59E6044028DE}.Debug|Any CPU.Build.0 = Debug|Any CPU
		{3843F8E0-A732-49E9-B576-59E6044028DE}.Release|Any CPU.ActiveCfg = Release|Any CPU
		{3843F8E0-A732-49E9-B576-59E6044028DE}.Release|Any CPU.Build.0 = Release|Any CPU
		{28CCEFFB-6665-408A-A5A7-27AFB56EF7E0}.Debug|Any CPU.ActiveCfg = Debug|Any CPU
		{28CCEFFB-6665-408A-A5A7-27AFB56EF7E0}.Debug|Any CPU.Build.0 = Debug|Any CPU
		{28CCEFFB-6665-408A-A5A7-27AFB56EF7E0}.Release|Any CPU.ActiveCfg = Release|Any CPU
		{28CCEFFB-6665-408A-A5A7-27AFB56EF7E0}.Release|Any CPU.Build.0 = Release|Any CPU
		{B86A947C-71DF-4632-A3C1-A62FE8EE7429}.Debug|Any CPU.ActiveCfg = Debug|Any CPU
		{B86A947C-71DF-4632-A3C1-A62FE8EE7429}.Debug|Any CPU.Build.0 = Debug|Any CPU
		{B86A947C-71DF-4632-A3C1-A62FE8EE7429}.Release|Any CPU.ActiveCfg = Release|Any CPU
		{B86A947C-71DF-4632-A3C1-A62FE8EE7429}.Release|Any CPU.Build.0 = Release|Any CPU
		{B183DDC5-7F9A-4147-A692-C3EC8A71909D}.Debug|Any CPU.ActiveCfg = Debug|Any CPU
		{B183DDC5-7F9A-4147-A692-C3EC8A71909D}.Debug|Any CPU.Build.0 = Debug|Any CPU
		{B183DDC5-7F9A-4147-A692-C3EC8A71909D}.Release|Any CPU.ActiveCfg = Release|Any CPU
		{B183DDC5-7F9A-4147-A692-C3EC8A71909D}.Release|Any CPU.Build.0 = Release|Any CPU
		{F346AB79-0F56-4670-AA1F-FA4AC08E65FF}.Debug|Any CPU.ActiveCfg = Debug|Any CPU
		{F346AB79-0F56-4670-AA1F-FA4AC08E65FF}.Debug|Any CPU.Build.0 = Debug|Any CPU
		{F346AB79-0F56-4670-AA1F-FA4AC08E65FF}.Release|Any CPU.ActiveCfg = Release|Any CPU
		{F346AB79-0F56-4670-AA1F-FA4AC08E65FF}.Release|Any CPU.Build.0 = Release|Any CPU
		{31C5A4F4-CD2F-4638-ADF1-9318CD2E6B44}.Debug|Any CPU.ActiveCfg = Debug|Any CPU
		{31C5A4F4-CD2F-4638-ADF1-9318CD2E6B44}.Debug|Any CPU.Build.0 = Debug|Any CPU
		{31C5A4F4-CD2F-4638-ADF1-9318CD2E6B44}.Release|Any CPU.ActiveCfg = Release|Any CPU
		{31C5A4F4-CD2F-4638-ADF1-9318CD2E6B44}.Release|Any CPU.Build.0 = Release|Any CPU
		{B404B9C4-285C-46DD-B189-AE2DE7A6773F}.Debug|Any CPU.ActiveCfg = Debug|Any CPU
		{B404B9C4-285C-46DD-B189-AE2DE7A6773F}.Debug|Any CPU.Build.0 = Debug|Any CPU
		{B404B9C4-285C-46DD-B189-AE2DE7A6773F}.Release|Any CPU.ActiveCfg = Release|Any CPU
		{B404B9C4-285C-46DD-B189-AE2DE7A6773F}.Release|Any CPU.Build.0 = Release|Any CPU
		{79FB2B99-C03F-44B7-BA41-2A7A70E76B2E}.Debug|Any CPU.ActiveCfg = Debug|Any CPU
		{79FB2B99-C03F-44B7-BA41-2A7A70E76B2E}.Debug|Any CPU.Build.0 = Debug|Any CPU
		{79FB2B99-C03F-44B7-BA41-2A7A70E76B2E}.Release|Any CPU.ActiveCfg = Release|Any CPU
		{79FB2B99-C03F-44B7-BA41-2A7A70E76B2E}.Release|Any CPU.Build.0 = Release|Any CPU
		{1C66313A-800D-46B2-BCCB-602BBE378795}.Debug|Any CPU.ActiveCfg = Debug|Any CPU
		{1C66313A-800D-46B2-BCCB-602BBE378795}.Debug|Any CPU.Build.0 = Debug|Any CPU
		{1C66313A-800D-46B2-BCCB-602BBE378795}.Release|Any CPU.ActiveCfg = Release|Any CPU
		{1C66313A-800D-46B2-BCCB-602BBE378795}.Release|Any CPU.Build.0 = Release|Any CPU
		{40E33E85-2B22-477D-AA7B-AC47B8F22202}.Debug|Any CPU.ActiveCfg = Debug|Any CPU
		{40E33E85-2B22-477D-AA7B-AC47B8F22202}.Debug|Any CPU.Build.0 = Debug|Any CPU
		{40E33E85-2B22-477D-AA7B-AC47B8F22202}.Release|Any CPU.ActiveCfg = Release|Any CPU
		{40E33E85-2B22-477D-AA7B-AC47B8F22202}.Release|Any CPU.Build.0 = Release|Any CPU
		{5455A9A6-BD76-44FF-BD98-1496AB4B5B16}.Debug|Any CPU.ActiveCfg = Debug|Any CPU
		{5455A9A6-BD76-44FF-BD98-1496AB4B5B16}.Debug|Any CPU.Build.0 = Debug|Any CPU
		{5455A9A6-BD76-44FF-BD98-1496AB4B5B16}.Release|Any CPU.ActiveCfg = Release|Any CPU
		{5455A9A6-BD76-44FF-BD98-1496AB4B5B16}.Release|Any CPU.Build.0 = Release|Any CPU
		{47559107-FDCF-4A3E-BBBD-504ABD62D5F8}.Debug|Any CPU.ActiveCfg = Debug|Any CPU
		{47559107-FDCF-4A3E-BBBD-504ABD62D5F8}.Debug|Any CPU.Build.0 = Debug|Any CPU
		{47559107-FDCF-4A3E-BBBD-504ABD62D5F8}.Release|Any CPU.ActiveCfg = Release|Any CPU
		{47559107-FDCF-4A3E-BBBD-504ABD62D5F8}.Release|Any CPU.Build.0 = Release|Any CPU
	EndGlobalSection
	GlobalSection(SolutionProperties) = preSolution
		HideSolutionNode = FALSE
	EndGlobalSection
	GlobalSection(ExtensibilityGlobals) = postSolution
		SolutionGuid = {CA1C217C-520B-453A-8AF5-EED368CF3CEA}
	EndGlobalSection
EndGlobal
