
Microsoft Visual Studio Solution File, Format Version 12.00
# Visual Studio Version 17
VisualStudioVersion = 17.2.32630.192
MinimumVisualStudioVersion = 10.0.40219.1
Project("{FAE04EC0-301F-11D3-BF4B-00C04F79EFBC}") = "EnterpriseIntegration", "EnterpriseIntegration\EnterpriseIntegration.csproj", "{1AD00C97-12F0-4358-9577-76B188BE83FE}"
EndProject
Project("{FAE04EC0-301F-11D3-BF4B-00C04F79EFBC}") = "ImageSolutions", "..\ImageSolutions\ImageSolutions.csproj", "{B404B9C4-285C-46DD-B189-AE2DE7A6773F}"
EndProject
Project("{FAE04EC0-301F-11D3-BF4B-00C04F79EFBC}") = "CLRFramework", "..\CLRFramework-VS2012\CLRFramework\CLRFramework.csproj", "{F346AB79-0F56-4670-AA1F-FA4AC08E65FF}"
EndProject
Project("{FAE04EC0-301F-11D3-BF4B-00C04F79EFBC}") = "ISBase", "..\ISBase\ISBase\ISBase.csproj", "{B86A947C-71DF-4632-A3C1-A62FE8EE7429}"
EndProject
Project("{FAE04EC0-301F-11D3-BF4B-00C04F79EFBC}") = "NetSuiteLibrary", "..\NetSuiteLibrary\NetSuiteLibrary.csproj", "{31C5A4F4-CD2F-4638-ADF1-9318CD2E6B44}"
EndProject
Global
	GlobalSection(SolutionConfigurationPlatforms) = preSolution
		Debug|Any CPU = Debug|Any CPU
		Release|Any CPU = Release|Any CPU
	EndGlobalSection
	GlobalSection(ProjectConfigurationPlatforms) = postSolution
		{1AD00C97-12F0-4358-9577-76B188BE83FE}.Debug|Any CPU.ActiveCfg = Debug|Any CPU
		{1AD00C97-12F0-4358-9577-76B188BE83FE}.Debug|Any CPU.Build.0 = Debug|Any CPU
		{1AD00C97-12F0-4358-9577-76B188BE83FE}.Release|Any CPU.ActiveCfg = Release|Any CPU
		{1AD00C97-12F0-4358-9577-76B188BE83FE}.Release|Any CPU.Build.0 = Release|Any CPU
		{B404B9C4-285C-46DD-B189-AE2DE7A6773F}.Debug|Any CPU.ActiveCfg = Debug|Any CPU
		{B404B9C4-285C-46DD-B189-AE2DE7A6773F}.Debug|Any CPU.Build.0 = Debug|Any CPU
		{B404B9C4-285C-46DD-B189-AE2DE7A6773F}.Release|Any CPU.ActiveCfg = Release|Any CPU
		{B404B9C4-285C-46DD-B189-AE2DE7A6773F}.Release|Any CPU.Build.0 = Release|Any CPU
		{F346AB79-0F56-4670-AA1F-FA4AC08E65FF}.Debug|Any CPU.ActiveCfg = Debug|Any CPU
		{F346AB79-0F56-4670-AA1F-FA4AC08E65FF}.Debug|Any CPU.Build.0 = Debug|Any CPU
		{F346AB79-0F56-4670-AA1F-FA4AC08E65FF}.Release|Any CPU.ActiveCfg = Release|Any CPU
		{F346AB79-0F56-4670-AA1F-FA4AC08E65FF}.Release|Any CPU.Build.0 = Release|Any CPU
		{B86A947C-71DF-4632-A3C1-A62FE8EE7429}.Debug|Any CPU.ActiveCfg = Debug|Any CPU
		{B86A947C-71DF-4632-A3C1-A62FE8EE7429}.Debug|Any CPU.Build.0 = Debug|Any CPU
		{B86A947C-71DF-4632-A3C1-A62FE8EE7429}.Release|Any CPU.ActiveCfg = Release|Any CPU
		{B86A947C-71DF-4632-A3C1-A62FE8EE7429}.Release|Any CPU.Build.0 = Release|Any CPU
		{31C5A4F4-CD2F-4638-ADF1-9318CD2E6B44}.Debug|Any CPU.ActiveCfg = Debug|Any CPU
		{31C5A4F4-CD2F-4638-ADF1-9318CD2E6B44}.Debug|Any CPU.Build.0 = Debug|Any CPU
		{31C5A4F4-CD2F-4638-ADF1-9318CD2E6B44}.Release|Any CPU.ActiveCfg = Release|Any CPU
		{31C5A4F4-CD2F-4638-ADF1-9318CD2E6B44}.Release|Any CPU.Build.0 = Release|Any CPU
	EndGlobalSection
	GlobalSection(SolutionProperties) = preSolution
		HideSolutionNode = FALSE
	EndGlobalSection
	GlobalSection(ExtensibilityGlobals) = postSolution
		SolutionGuid = {77AD3277-5153-4D32-B6C9-7EE218267280}
	EndGlobalSection
EndGlobal
